hash: 76a0e442ed6e76692766f93ef1166f7a41e695e655927d4667ed6fb75f1edac5
updated: 2017-09-25T11:00:41.377467843-04:00
imports:
- name: github.com/alecthomas/log4go
  version: 3fbce08846379ec7f4f6bc7fce6dd01ce28fae4c
  repo: https://github.com/mattermost/log4go.git
- name: github.com/gorilla/websocket
  version: ea4d1f681babbce9545c9c5f3d5194a789c89f5b
- name: github.com/mattermost/mattermost-server
  version: aade47dccd3431c1e3e17818766549aa93401344
  subpackages:
  - model
- name: github.com/nicksnyder/go-i18n
  version: 3e70a1a463008cea6726380c908b1a6a8bdf7b24
  subpackages:
  - i18n
  - i18n/bundle
  - i18n/language
  - i18n/translation
- name: github.com/pborman/uuid
  version: e790cca94e6cc75c7064b1332e63811d4aae1a53
- name: github.com/pelletier/go-toml
  version: f62f423f63d40ab25cab801ce21c419ed5d2d3ff
- name: golang.org/x/crypto
  version: 847319b7fc94cab682988f93da778204da164588
  subpackages:
  - bcrypt
  - blowfish
- name: gopkg.in/yaml.v2
  version: eb3733d160e74a9c7e442f435eb3bea458e1d19f
testImports: []
